
Microsoft Visual Studio Solution File, Format Version 12.00
# Visual Studio Version 16
VisualStudioVersion = 16.0.33214.272
MinimumVisualStudioVersion = 10.0.40219.1
Project("{FAE04EC0-301F-11D3-BF4B-00C04F79EFBC}") = "Server", "Server\Server.csproj", "{B75211FD-4A9E-48C0-8AF7-F491D64213CF}"
EndProject
Global
	GlobalSection(SolutionConfigurationPlatforms) = preSolution
		Debug|Any CPU = Debug|Any CPU
		Release|Any CPU = Release|Any CPU
	EndGlobalSection
	GlobalSection(ProjectConfigurationPlatforms) = postSolution
		{B75211FD-4A9E-48C0-8AF7-F491D64213CF}.Debug|Any CPU.ActiveCfg = Debug|Any CPU
		{B75211FD-4A9E-48C0-8AF7-F491D64213CF}.Debug|Any CPU.Build.0 = Debug|Any CPU
		{B75211FD-4A9E-48C0-8AF7-F491D64213CF}.Release|Any CPU.ActiveCfg = Release|Any CPU
		{B75211FD-4A9E-48C0-8AF7-F491D64213CF}.Release|Any CPU.Build.0 = Release|Any CPU
	EndGlobalSection
	GlobalSection(SolutionProperties) = preSolution
		HideSolutionNode = FALSE
	EndGlobalSection
	GlobalSection(ExtensibilityGlobals) = postSolution
		SolutionGuid = {4C662FEF-5862-472B-A942-8E1CF626ED44}
	EndGlobalSection
EndGlobal
